
Microsoft Visual Studio Solution File, Format Version 12.00
# Visual Studio Version 17
VisualStudioVersion = 17.7.34018.315
MinimumVisualStudioVersion = 10.0.40219.1
Project("{FAE04EC0-301F-11D3-BF4B-00C04F79EFBC}") = "Vowels and Consonants", "Vowels and Consonants.csproj", "{23452F29-7BAC-4290-A659-2931F0DFED88}"
EndProject
Global
	GlobalSection(SolutionConfigurationPlatforms) = preSolution
		Debug|Any CPU = Debug|Any CPU
		Release|Any CPU = Release|Any CPU
	EndGlobalSection
	GlobalSection(ProjectConfigurationPlatforms) = postSolution
		{23452F29-7BAC-4290-A659-2931F0DFED88}.Debug|Any CPU.ActiveCfg = Debug|Any CPU
		{23452F29-7BAC-4290-A659-2931F0DFED88}.Debug|Any CPU.Build.0 = Debug|Any CPU
		{23452F29-7BAC-4290-A659-2931F0DFED88}.Release|Any CPU.ActiveCfg = Release|Any CPU
		{23452F29-7BAC-4290-A659-2931F0DFED88}.Release|Any CPU.Build.0 = Release|Any CPU
	EndGlobalSection
	GlobalSection(SolutionProperties) = preSolution
		HideSolutionNode = FALSE
	EndGlobalSection
	GlobalSection(ExtensibilityGlobals) = postSolution
		SolutionGuid = {D7DFF525-D5B9-4ECA-9CF3-B3E2F5B26F7D}
	EndGlobalSection
EndGlobal
